
Microsoft Visual Studio Solution File, Format Version 12.00
# Visual Studio 14
VisualStudioVersion = 14.0.25420.1
MinimumVisualStudioVersion = 10.0.40219.1
Project("{FAE04EC0-301F-11D3-BF4B-00C04F79EFBC}") = "TaskManager", "TaskManager\TaskManager.csproj", "{A5FAB612-1EF5-41E9-9BFA-590DCB40153F}"
EndProject
Project("{FAE04EC0-301F-11D3-BF4B-00C04F79EFBC}") = "DataAccess", "DataAccess\DataAccess.csproj", "{5414E9CB-4D57-4B8E-BEF1-C1407527C5A5}"
EndProject
Global
	GlobalSection(SolutionConfigurationPlatforms) = preSolution
		Debug|Any CPU = Debug|Any CPU
		Release|Any CPU = Release|Any CPU
	EndGlobalSection
	GlobalSection(ProjectConfigurationPlatforms) = postSolution
		{A5FAB612-1EF5-41E9-9BFA-590DCB40153F}.Debug|Any CPU.ActiveCfg = Debug|Any CPU
		{A5FAB612-1EF5-41E9-9BFA-590DCB40153F}.Debug|Any CPU.Build.0 = Debug|Any CPU
		{A5FAB612-1EF5-41E9-9BFA-590DCB40153F}.Release|Any CPU.ActiveCfg = Release|Any CPU
		{A5FAB612-1EF5-41E9-9BFA-590DCB40153F}.Release|Any CPU.Build.0 = Release|Any CPU
		{5414E9CB-4D57-4B8E-BEF1-C1407527C5A5}.Debug|Any CPU.ActiveCfg = Debug|Any CPU
		{5414E9CB-4D57-4B8E-BEF1-C1407527C5A5}.Debug|Any CPU.Build.0 = Debug|Any CPU
		{5414E9CB-4D57-4B8E-BEF1-C1407527C5A5}.Release|Any CPU.ActiveCfg = Release|Any CPU
		{5414E9CB-4D57-4B8E-BEF1-C1407527C5A5}.Release|Any CPU.Build.0 = Release|Any CPU
	EndGlobalSection
	GlobalSection(SolutionProperties) = preSolution
		HideSolutionNode = FALSE
	EndGlobalSection
EndGlobal
